
Microsoft Visual Studio Solution File, Format Version 12.00
# Visual Studio 2012
Project("{FAE04EC0-301F-11D3-BF4B-00C04F79EFBC}") = "UniversitySystem", "UniversitySystem\UniversitySystem.csproj", "{CF15AC73-7045-40FB-92EE-60B3940CC4CD}"
EndProject
Project("{FAE04EC0-301F-11D3-BF4B-00C04F79EFBC}") = "Concepts", "Concepts\Concepts.csproj", "{6606274C-89CC-43E6-B780-4B09C124DD50}"
EndProject
Global
	GlobalSection(SolutionConfigurationPlatforms) = preSolution
		Debug|Any CPU = Debug|Any CPU
		Release|Any CPU = Release|Any CPU
	EndGlobalSection
	GlobalSection(ProjectConfigurationPlatforms) = postSolution
		{CF15AC73-7045-40FB-92EE-60B3940CC4CD}.Debug|Any CPU.ActiveCfg = Debug|Any CPU
		{CF15AC73-7045-40FB-92EE-60B3940CC4CD}.Debug|Any CPU.Build.0 = Debug|Any CPU
		{CF15AC73-7045-40FB-92EE-60B3940CC4CD}.Release|Any CPU.ActiveCfg = Release|Any CPU
		{CF15AC73-7045-40FB-92EE-60B3940CC4CD}.Release|Any CPU.Build.0 = Release|Any CPU
		{6606274C-89CC-43E6-B780-4B09C124DD50}.Debug|Any CPU.ActiveCfg = Debug|Any CPU
		{6606274C-89CC-43E6-B780-4B09C124DD50}.Debug|Any CPU.Build.0 = Debug|Any CPU
		{6606274C-89CC-43E6-B780-4B09C124DD50}.Release|Any CPU.ActiveCfg = Release|Any CPU
		{6606274C-89CC-43E6-B780-4B09C124DD50}.Release|Any CPU.Build.0 = Release|Any CPU
	EndGlobalSection
	GlobalSection(SolutionProperties) = preSolution
		HideSolutionNode = FALSE
	EndGlobalSection
EndGlobal
